// !$*UTF8*$!
{
	archiveVersion = 1;
	classes = {
	};
	objectVersion = 56;
	objects = {

/* Begin PBXBuildFile section */
		E9CDC8AD2A81084E00D33530 /* Week2_1App.swift in Sources */ = {isa = PBXBuildFile; fileRef = E9CDC8AC2A81084E00D33530 /* Week2_1App.swift */; };
		E9CDC8AF2A81084E00D33530 /* ContentView.swift in Sources */ = {isa = PBXBuildFile; fileRef = E9CDC8AE2A81084E00D33530 /* ContentView.swift */; };
		E9CDC8B12A81084F00D33530 /* Assets.xcassets in Resources */ = {isa = PBXBuildFile; fileRef = E9CDC8B02A81084F00D33530 /* Assets.xcassets */; };
		E9CDC8B42A81084F00D33530 /* Preview Assets.xcassets in Resources */ = {isa = PBXBuildFile; fileRef = E9CDC8B32A81084F00D33530 /* Preview Assets.xcassets */; };
		E9CDC8BE2A81084F00D33530 /* Week2_1Tests.swift in Sources */ = {isa = PBXBuildFile; fileRef = E9CDC8BD2A81084F00D33530 /* Week2_1Tests.swift */; };
		E9CDC8C82A81084F00D33530 /* Week2_1UITests.swift in Sources */ = {isa = PBXBuildFile; fileRef = E9CDC8C72A81084F00D33530 /* Week2_1UITests.swift */; };
		E9CDC8CA2A81084F00D33530 /* Week2_1UITestsLaunchTests.swift in Sources */ = {isa = PBXBuildFile; fileRef = E9CDC8C92A81084F00D33530 /* Week2_1UITestsLaunchTests.swift */; };
		E9CDC8D72A81085C00D33530 /* MyWrapper.swift in Sources */ = {isa = PBXBuildFile; fileRef = E9CDC8D62A81085C00D33530 /* MyWrapper.swift */; };
/* End PBXBuildFile section */

/* Begin PBXContainerItemProxy section */
		E9CDC8BA2A81084F00D33530 /* PBXContainerItemProxy */ = {
			isa = PBXContainerItemProxy;
			containerPortal = E9CDC8A12A81084E00D33530 /* Project object */;
			proxyType = 1;
			remoteGlobalIDString = E9CDC8A82A81084E00D33530;
			remoteInfo = "Week2-1";
		};
		E9CDC8C42A81084F00D33530 /* PBXContainerItemProxy */ = {
			isa = PBXContainerItemProxy;
			containerPortal = E9CDC8A12A81084E00D33530 /* Project object */;
			proxyType = 1;
			remoteGlobalIDString = E9CDC8A82A81084E00D33530;
			remoteInfo = "Week2-1";
		};
/* End PBXContainerItemProxy section */

/* Begin PBXFileReference section */
		E9CDC8A92A81084E00D33530 /* Week2-1.app */ = {isa = PBXFileReference; explicitFileType = wrapper.application; includeInIndex = 0; path = "Week2-1.app"; sourceTree = BUILT_PRODUCTS_DIR; };
		E9CDC8AC2A81084E00D33530 /* Week2_1App.swift */ = {isa = PBXFileReference; lastKnownFileType = sourcecode.swift; path = Week2_1App.swift; sourceTree = "<group>"; };
		E9CDC8AE2A81084E00D33530 /* ContentView.swift */ = {isa = PBXFileReference; lastKnownFileType = sourcecode.swift; path = ContentView.swift; sourceTree = "<group>"; };
		E9CDC8B02A81084F00D33530 /* Assets.xcassets */ = {isa = PBXFileReference; lastKnownFileType = folder.assetcatalog; path = Assets.xcassets; sourceTree = "<group>"; };
		E9CDC8B32A81084F00D33530 /* Preview Assets.xcassets */ = {isa = PBXFileReference; lastKnownFileType = folder.assetcatalog; path = "Preview Assets.xcassets"; sourceTree = "<group>"; };
		E9CDC8B92A81084F00D33530 /* Week2-1Tests.xctest */ = {isa = PBXFileReference; explicitFileType = wrapper.cfbundle; includeInIndex = 0; path = "Week2-1Tests.xctest"; sourceTree = BUILT_PRODUCTS_DIR; };
		E9CDC8BD2A81084F00D33530 /* Week2_1Tests.swift */ = {isa = PBXFileReference; lastKnownFileType = sourcecode.swift; path = Week2_1Tests.swift; sourceTree = "<group>"; };
		E9CDC8C32A81084F00D33530 /* Week2-1UITests.xctest */ = {isa = PBXFileReference; explicitFileType = wrapper.cfbundle; includeInIndex = 0; path = "Week2-1UITests.xctest"; sourceTree = BUILT_PRODUCTS_DIR; };
		E9CDC8C72A81084F00D33530 /* Week2_1UITests.swift */ = {isa = PBXFileReference; lastKnownFileType = sourcecode.swift; path = Week2_1UITests.swift; sourceTree = "<group>"; };
		E9CDC8C92A81084F00D33530 /* Week2_1UITestsLaunchTests.swift */ = {isa = PBXFileReference; lastKnownFileType = sourcecode.swift; path = Week2_1UITestsLaunchTests.swift; sourceTree = "<group>"; };
		E9CDC8D62A81085C00D33530 /* MyWrapper.swift */ = {isa = PBXFileReference; lastKnownFileType = sourcecode.swift; path = MyWrapper.swift; sourceTree = "<group>"; };
/* End PBXFileReference section */

/* Begin PBXFrameworksBuildPhase section */
		E9CDC8A62A81084E00D33530 /* Frameworks */ = {
			isa = PBXFrameworksBuildPhase;
			buildActionMask = 2147483647;
			files = (
			);
			runOnlyForDeploymentPostprocessing = 0;
		};
		E9CDC8B62A81084F00D33530 /* Frameworks */ = {
			isa = PBXFrameworksBuildPhase;
			buildActionMask = 2147483647;
			files = (
			);
			runOnlyForDeploymentPostprocessing = 0;
		};
		E9CDC8C02A81084F00D33530 /* Frameworks */ = {
			isa = PBXFrameworksBuildPhase;
			buildActionMask = 2147483647;
			files = (
			);
			runOnlyForDeploymentPostprocessing = 0;
		};
/* End PBXFrameworksBuildPhase section */

/* Begin PBXGroup section */
		E9CDC8A02A81084E00D33530 = {
			isa = PBXGroup;
			children = (
				E9CDC8AB2A81084E00D33530 /* Week2-1 */,
				E9CDC8BC2A81084F00D33530 /* Week2-1Tests */,
				E9CDC8C62A81084F00D33530 /* Week2-1UITests */,
				E9CDC8AA2A81084E00D33530 /* Products */,
			);
			sourceTree = "<group>";
		};
		E9CDC8AA2A81084E00D33530 /* Products */ = {
			isa = PBXGroup;
			children = (
				E9CDC8A92A81084E00D33530 /* Week2-1.app */,
				E9CDC8B92A81084F00D33530 /* Week2-1Tests.xctest */,
				E9CDC8C32A81084F00D33530 /* Week2-1UITests.xctest */,
			);
			name = Products;
			sourceTree = "<group>";
		};
		E9CDC8AB2A81084E00D33530 /* Week2-1 */ = {
			isa = PBXGroup;
			children = (
				E9CDC8AC2A81084E00D33530 /* Week2_1App.swift */,
				E9CDC8AE2A81084E00D33530 /* ContentView.swift */,
				E9CDC8B02A81084F00D33530 /* Assets.xcassets */,
				E9CDC8B22A81084F00D33530 /* Preview Content */,
				E9CDC8D62A81085C00D33530 /* MyWrapper.swift */,
			);
			path = "Week2-1";
			sourceTree = "<group>";
		};
		E9CDC8B22A81084F00D33530 /* Preview Content */ = {
			isa = PBXGroup;
			children = (
				E9CDC8B32A81084F00D33530 /* Preview Assets.xcassets */,
			);
			path = "Preview Content";
			sourceTree = "<group>";
		};
		E9CDC8BC2A81084F00D33530 /* Week2-1Tests */ = {
			isa = PBXGroup;
			children = (
				E9CDC8BD2A81084F00D33530 /* Week2_1Tests.swift */,
			);
			path = "Week2-1Tests";
			sourceTree = "<group>";
		};
		E9CDC8C62A81084F00D33530 /* Week2-1UITests */ = {
			isa = PBXGroup;
			children = (
				E9CDC8C72A81084F00D33530 /* Week2_1UITests.swift */,
				E9CDC8C92A81084F00D33530 /* Week2_1UITestsLaunchTests.swift */,
			);
			path = "Week2-1UITests";
			sourceTree = "<group>";
		};
/* End PBXGroup section */

/* Begin PBXNativeTarget section */
		E9CDC8A82A81084E00D33530 /* Week2-1 */ = {
			isa = PBXNativeTarget;
			buildConfigurationList = E9CDC8CD2A81084F00D33530 /* Build configuration list for PBXNativeTarget "Week2-1" */;
			buildPhases = (
				E9CDC8A52A81084E00D33530 /* Sources */,
				E9CDC8A62A81084E00D33530 /* Frameworks */,
				E9CDC8A72A81084E00D33530 /* Resources */,
			);
			buildRules = (
			);
			dependencies = (
			);
			name = "Week2-1";
			productName = "Week2-1";
			productReference = E9CDC8A92A81084E00D33530 /* Week2-1.app */;
			productType = "com.apple.product-type.application";
		};
		E9CDC8B82A81084F00D33530 /* Week2-1Tests */ = {
			isa = PBXNativeTarget;
			buildConfigurationList = E9CDC8D02A81084F00D33530 /* Build configuration list for PBXNativeTarget "Week2-1Tests" */;
			buildPhases = (
				E9CDC8B52A81084F00D33530 /* Sources */,
				E9CDC8B62A81084F00D33530 /* Frameworks */,
				E9CDC8B72A81084F00D33530 /* Resources */,
			);
			buildRules = (
			);
			dependencies = (
				E9CDC8BB2A81084F00D33530 /* PBXTargetDependency */,
			);
			name = "Week2-1Tests";
			productName = "Week2-1Tests";
			productReference = E9CDC8B92A81084F00D33530 /* Week2-1Tests.xctest */;
			productType = "com.apple.product-type.bundle.unit-test";
		};
		E9CDC8C22A81084F00D33530 /* Week2-1UITests */ = {
			isa = PBXNativeTarget;
			buildConfigurationList = E9CDC8D32A81084F00D33530 /* Build configuration list for PBXNativeTarget "Week2-1UITests" */;
			buildPhases = (
				E9CDC8BF2A81084F00D33530 /* Sources */,
				E9CDC8C02A81084F00D33530 /* Frameworks */,
				E9CDC8C12A81084F00D33530 /* Resources */,
			);
			buildRules = (
			);
			dependencies = (
				E9CDC8C52A81084F00D33530 /* PBXTargetDependency */,
			);
			name = "Week2-1UITests";
			productName = "Week2-1UITests";
			productReference = E9CDC8C32A81084F00D33530 /* Week2-1UITests.xctest */;
			productType = "com.apple.product-type.bundle.ui-testing";
		};
/* End PBXNativeTarget section */

/* Begin PBXProject section */
		E9CDC8A12A81084E00D33530 /* Project object */ = {
			isa = PBXProject;
			attributes = {
				BuildIndependentTargetsInParallel = 1;
				LastSwiftUpdateCheck = 1430;
				LastUpgradeCheck = 1430;
				TargetAttributes = {
					E9CDC8A82A81084E00D33530 = {
						CreatedOnToolsVersion = 14.3.1;
					};
					E9CDC8B82A81084F00D33530 = {
						CreatedOnToolsVersion = 14.3.1;
						TestTargetID = E9CDC8A82A81084E00D33530;
					};
					E9CDC8C22A81084F00D33530 = {
						CreatedOnToolsVersion = 14.3.1;
						TestTargetID = E9CDC8A82A81084E00D33530;
					};
				};
			};
			buildConfigurationList = E9CDC8A42A81084E00D33530 /* Build configuration list for PBXProject "Week2-1" */;
			compatibilityVersion = "Xcode 14.0";
			developmentRegion = en;
			hasScannedForEncodings = 0;
			knownRegions = (
				en,
				Base,
			);
			mainGroup = E9CDC8A02A81084E00D33530;
			productRefGroup = E9CDC8AA2A81084E00D33530 /* Products */;
			projectDirPath = "";
			projectRoot = "";
			targets = (
				E9CDC8A82A81084E00D33530 /* Week2-1 */,
				E9CDC8B82A81084F00D33530 /* Week2-1Tests */,
				E9CDC8C22A81084F00D33530 /* Week2-1UITests */,
			);
		};
/* End PBXProject section */

/* Begin PBXResourcesBuildPhase section */
		E9CDC8A72A81084E00D33530 /* Resources */ = {
			isa = PBXResourcesBuildPhase;
			buildActionMask = 2147483647;
			files = (
				E9CDC8B42A81084F00D33530 /* Preview Assets.xcassets in Resources */,
				E9CDC8B12A81084F00D33530 /* Assets.xcassets in Resources */,
			);
			runOnlyForDeploymentPostprocessing = 0;
		};
		E9CDC8B72A81084F00D33530 /* Resources */ = {
			isa = PBXResourcesBuildPhase;
			buildActionMask = 2147483647;
			files = (
			);
			runOnlyForDeploymentPostprocessing = 0;
		};
		E9CDC8C12A81084F00D33530 /* Resources */ = {
			isa = PBXResourcesBuildPhase;
			buildActionMask = 2147483647;
			files = (
			);
			runOnlyForDeploymentPostprocessing = 0;
		};
/* End PBXResourcesBuildPhase section */

/* Begin PBXSourcesBuildPhase section */
		E9CDC8A52A81084E00D33530 /* Sources */ = {
			isa = PBXSourcesBuildPhase;
			buildActionMask = 2147483647;
			files = (
				E9CDC8D72A81085C00D33530 /* MyWrapper.swift in Sources */,
				E9CDC8AF2A81084E00D33530 /* ContentView.swift in Sources */,
				E9CDC8AD2A81084E00D33530 /* Week2_1App.swift in Sources */,
			);
			runOnlyForDeploymentPostprocessing = 0;
		};
		E9CDC8B52A81084F00D33530 /* Sources */ = {
			isa = PBXSourcesBuildPhase;
			buildActionMask = 2147483647;
			files = (
				E9CDC8BE2A81084F00D33530 /* Week2_1Tests.swift in Sources */,
			);
			runOnlyForDeploymentPostprocessing = 0;
		};
		E9CDC8BF2A81084F00D33530 /* Sources */ = {
			isa = PBXSourcesBuildPhase;
			buildActionMask = 2147483647;
			files = (
				E9CDC8C82A81084F00D33530 /* Week2_1UITests.swift in Sources */,
				E9CDC8CA2A81084F00D33530 /* Week2_1UITestsLaunchTests.swift in Sources */,
			);
			runOnlyForDeploymentPostprocessing = 0;
		};
/* End PBXSourcesBuildPhase section */

/* Begin PBXTargetDependency section */
		E9CDC8BB2A81084F00D33530 /* PBXTargetDependency */ = {
			isa = PBXTargetDependency;
			target = E9CDC8A82A81084E00D33530 /* Week2-1 */;
			targetProxy = E9CDC8BA2A81084F00D33530 /* PBXContainerItemProxy */;
		};
		E9CDC8C52A81084F00D33530 /* PBXTargetDependency */ = {
			isa = PBXTargetDependency;
			target = E9CDC8A82A81084E00D33530 /* Week2-1 */;
			targetProxy = E9CDC8C42A81084F00D33530 /* PBXContainerItemProxy */;
		};
/* End PBXTargetDependency section */

/* Begin XCBuildConfiguration section */
		E9CDC8CB2A81084F00D33530 /* Debug */ = {
			isa = XCBuildConfiguration;
			buildSettings = {
				ALWAYS_SEARCH_USER_PATHS = NO;
				CLANG_ANALYZER_NONNULL = YES;
				CLANG_ANALYZER_NUMBER_OBJECT_CONVERSION = YES_AGGRESSIVE;
				CLANG_CXX_LANGUAGE_STANDARD = "gnu++20";
				CLANG_ENABLE_MODULES = YES;
				CLANG_ENABLE_OBJC_ARC = YES;
				CLANG_ENABLE_OBJC_WEAK = YES;
				CLANG_WARN_BLOCK_CAPTURE_AUTORELEASING = YES;
				CLANG_WARN_BOOL_CONVERSION = YES;
				CLANG_WARN_COMMA = YES;
				CLANG_WARN_CONSTANT_CONVERSION = YES;
				CLANG_WARN_DEPRECATED_OBJC_IMPLEMENTATIONS = YES;
				CLANG_WARN_DIRECT_OBJC_ISA_USAGE = YES_ERROR;
				CLANG_WARN_DOCUMENTATION_COMMENTS = YES;
				CLANG_WARN_EMPTY_BODY = YES;
				CLANG_WARN_ENUM_CONVERSION = YES;
				CLANG_WARN_INFINITE_RECURSION = YES;
				CLANG_WARN_INT_CONVERSION = YES;
				CLANG_WARN_NON_LITERAL_NULL_CONVERSION = YES;
				CLANG_WARN_OBJC_IMPLICIT_RETAIN_SELF = YES;
				CLANG_WARN_OBJC_LITERAL_CONVERSION = YES;
				CLANG_WARN_OBJC_ROOT_CLASS = YES_ERROR;
				CLANG_WARN_QUOTED_INCLUDE_IN_FRAMEWORK_HEADER = YES;
				CLANG_WARN_RANGE_LOOP_ANALYSIS = YES;
				CLANG_WARN_STRICT_PROTOTYPES = YES;
				CLANG_WARN_SUSPICIOUS_MOVE = YES;
				CLANG_WARN_UNGUARDED_AVAILABILITY = YES_AGGRESSIVE;
				CLANG_WARN_UNREACHABLE_CODE = YES;
				CLANG_WARN__DUPLICATE_METHOD_MATCH = YES;
				COPY_PHASE_STRIP = NO;
				DEBUG_INFORMATION_FORMAT = dwarf;
				ENABLE_STRICT_OBJC_MSGSEND = YES;
				ENABLE_TESTABILITY = YES;
				GCC_C_LANGUAGE_STANDARD = gnu11;
				GCC_DYNAMIC_NO_PIC = NO;
				GCC_NO_COMMON_BLOCKS = YES;
				GCC_OPTIMIZATION_LEVEL = 0;
				GCC_PREPROCESSOR_DEFINITIONS = (
					"DEBUG=1",
					"$(inherited)",
				);
				GCC_WARN_64_TO_32_BIT_CONVERSION = YES;
				GCC_WARN_ABOUT_RETURN_TYPE = YES_ERROR;
				GCC_WARN_UNDECLARED_SELECTOR = YES;
				GCC_WARN_UNINITIALIZED_AUTOS = YES_AGGRESSIVE;
				GCC_WARN_UNUSED_FUNCTION = YES;
				GCC_WARN_UNUSED_VARIABLE = YES;
				IPHONEOS_DEPLOYMENT_TARGET = 16.4;
				MTL_ENABLE_DEBUG_INFO = INCLUDE_SOURCE;
				MTL_FAST_MATH = YES;
				ONLY_ACTIVE_ARCH = YES;
				SDKROOT = iphoneos;
				SWIFT_ACTIVE_COMPILATION_CONDITIONS = DEBUG;
				SWIFT_OPTIMIZATION_LEVEL = "-Onone";
			};
			name = Debug;
		};
		E9CDC8CC2A81084F00D33530 /* Release */ = {
			isa = XCBuildConfiguration;
			buildSettings = {
				ALWAYS_SEARCH_USER_PATHS = NO;
				CLANG_ANALYZER_NONNULL = YES;
				CLANG_ANALYZER_NUMBER_OBJECT_CONVERSION = YES_AGGRESSIVE;
				CLANG_CXX_LANGUAGE_STANDARD = "gnu++20";
				CLANG_ENABLE_MODULES = YES;
				CLANG_ENABLE_OBJC_ARC = YES;
				CLANG_ENABLE_OBJC_WEAK = YES;
				CLANG_WARN_BLOCK_CAPTURE_AUTORELEASING = YES;
				CLANG_WARN_BOOL_CONVERSION = YES;
				CLANG_WARN_COMMA = YES;
				CLANG_WARN_CONSTANT_CONVERSION = YES;
				CLANG_WARN_DEPRECATED_OBJC_IMPLEMENTATIONS = YES;
				CLANG_WARN_DIRECT_OBJC_ISA_USAGE = YES_ERROR;
				CLANG_WARN_DOCUMENTATION_COMMENTS = YES;
				CLANG_WARN_EMPTY_BODY = YES;
				CLANG_WARN_ENUM_CONVERSION = YES;
				CLANG_WARN_INFINITE_RECURSION = YES;
				CLANG_WARN_INT_CONVERSION = YES;
				CLANG_WARN_NON_LITERAL_NULL_CONVERSION = YES;
				CLANG_WARN_OBJC_IMPLICIT_RETAIN_SELF = YES;
				CLANG_WARN_OBJC_LITERAL_CONVERSION = YES;
				CLANG_WARN_OBJC_ROOT_CLASS = YES_ERROR;
				CLANG_WARN_QUOTED_INCLUDE_IN_FRAMEWORK_HEADER = YES;
				CLANG_WARN_RANGE_LOOP_ANALYSIS = YES;
				CLANG_WARN_STRICT_PROTOTYPES = YES;
				CLANG_WARN_SUSPICIOUS_MOVE = YES;
				CLANG_WARN_UNGUARDED_AVAILABILITY = YES_AGGRESSIVE;
				CLANG_WARN_UNREACHABLE_CODE = YES;
				CLANG_WARN__DUPLICATE_METHOD_MATCH = YES;
				COPY_PHASE_STRIP = NO;
				DEBUG_INFORMATION_FORMAT = "dwarf-with-dsym";
				ENABLE_NS_ASSERTIONS = NO;
				ENABLE_STRICT_OBJC_MSGSEND = YES;
				GCC_C_LANGUAGE_STANDARD = gnu11;
				GCC_NO_COMMON_BLOCKS = YES;
				GCC_WARN_64_TO_32_BIT_CONVERSION = YES;
				GCC_WARN_ABOUT_RETURN_TYPE = YES_ERROR;
				GCC_WARN_UNDECLARED_SELECTOR = YES;
				GCC_WARN_UNINITIALIZED_AUTOS = YES_AGGRESSIVE;
				GCC_WARN_UNUSED_FUNCTION = YES;
				GCC_WARN_UNUSED_VARIABLE = YES;
				IPHONEOS_DEPLOYMENT_TARGET = 16.4;
				MTL_ENABLE_DEBUG_INFO = NO;
				MTL_FAST_MATH = YES;
				SDKROOT = iphoneos;
				SWIFT_COMPILATION_MODE = wholemodule;
				SWIFT_OPTIMIZATION_LEVEL = "-O";
				VALIDATE_PRODUCT = YES;
			};
			name = Release;
		};
		E9CDC8CE2A81084F00D33530 /* Debug */ = {
			isa = XCBuildConfiguration;
			buildSettings = {
				ASSETCATALOG_COMPILER_APPICON_NAME = AppIcon;
				ASSETCATALOG_COMPILER_GLOBAL_ACCENT_COLOR_NAME = AccentColor;
				CODE_SIGN_STYLE = Automatic;
				CURRENT_PROJECT_VERSION = 1;
				DEVELOPMENT_ASSET_PATHS = "\"Week2-1/Preview Content\"";
				DEVELOPMENT_TEAM = 4U3LY873Q2;
				ENABLE_PREVIEWS = YES;
				GENERATE_INFOPLIST_FILE = YES;
				INFOPLIST_KEY_UIApplicationSceneManifest_Generation = YES;
				INFOPLIST_KEY_UIApplicationSupportsIndirectInputEvents = YES;
				INFOPLIST_KEY_UILaunchScreen_Generation = YES;
				INFOPLIST_KEY_UISupportedInterfaceOrientations_iPad = "UIInterfaceOrientationPortrait UIInterfaceOrientationPortraitUpsideDown UIInterfaceOrientationLandscapeLeft UIInterfaceOrientationLandscapeRight";
				INFOPLIST_KEY_UISupportedInterfaceOrientations_iPhone = "UIInterfaceOrientationPortrait UIInterfaceOrientationLandscapeLeft UIInterfaceOrientationLandscapeRight";
				LD_RUNPATH_SEARCH_PATHS = (
					"$(inherited)",
					"@executable_path/Frameworks",
				);
				MARKETING_VERSION = 1.0;
				PRODUCT_BUNDLE_IDENTIFIER = "jeehge.app.study.Week2-1";
				PRODUCT_NAME = "$(TARGET_NAME)";
				SWIFT_EMIT_LOC_STRINGS = YES;
				SWIFT_VERSION = 5.0;
				TARGETED_DEVICE_FAMILY = "1,2";
			};
			name = Debug;
		};
		E9CDC8CF2A81084F00D33530 /* Release */ = {
			isa = XCBuildConfiguration;
			buildSettings = {
				ASSETCATALOG_COMPILER_APPICON_NAME = AppIcon;
				ASSETCATALOG_COMPILER_GLOBAL_ACCENT_COLOR_NAME = AccentColor;
				CODE_SIGN_STYLE = Automatic;
				CURRENT_PROJECT_VERSION = 1;
				DEVELOPMENT_ASSET_PATHS = "\"Week2-1/Preview Content\"";
				DEVELOPMENT_TEAM = 4U3LY873Q2;
				ENABLE_PREVIEWS = YES;
				GENERATE_INFOPLIST_FILE = YES;
				INFOPLIST_KEY_UIApplicationSceneManifest_Generation = YES;
				INFOPLIST_KEY_UIApplicationSupportsIndirectInputEvents = YES;
				INFOPLIST_KEY_UILaunchScreen_Generation = YES;
				INFOPLIST_KEY_UISupportedInterfaceOrientations_iPad = "UIInterfaceOrientationPortrait UIInterfaceOrientationPortraitUpsideDown UIInterfaceOrientationLandscapeLeft UIInterfaceOrientationLandscapeRight";
				INFOPLIST_KEY_UISupportedInterfaceOrientations_iPhone = "UIInterfaceOrientationPortrait UIInterfaceOrientationLandscapeLeft UIInterfaceOrientationLandscapeRight";
				LD_RUNPATH_SEARCH_PATHS = (
					"$(inherited)",
					"@executable_path/Frameworks",
				);
				MARKETING_VERSION = 1.0;
				PRODUCT_BUNDLE_IDENTIFIER = "jeehge.app.study.Week2-1";
				PRODUCT_NAME = "$(TARGET_NAME)";
				SWIFT_EMIT_LOC_STRINGS = YES;
				SWIFT_VERSION = 5.0;
				TARGETED_DEVICE_FAMILY = "1,2";
			};
			name = Release;
		};
		E9CDC8D12A81084F00D33530 /* Debug */ = {
			isa = XCBuildConfiguration;
			buildSettings = {
				ALWAYS_EMBED_SWIFT_STANDARD_LIBRARIES = YES;
				BUNDLE_LOADER = "$(TEST_HOST)";
				CODE_SIGN_STYLE = Automatic;
				CURRENT_PROJECT_VERSION = 1;
				DEVELOPMENT_TEAM = 4U3LY873Q2;
				GENERATE_INFOPLIST_FILE = YES;
				IPHONEOS_DEPLOYMENT_TARGET = 16.4;
				MARKETING_VERSION = 1.0;
				PRODUCT_BUNDLE_IDENTIFIER = "jeehge.app.study.Week2-1Tests";
				PRODUCT_NAME = "$(TARGET_NAME)";
				SWIFT_EMIT_LOC_STRINGS = NO;
				SWIFT_VERSION = 5.0;
				TARGETED_DEVICE_FAMILY = "1,2";
				TEST_HOST = "$(BUILT_PRODUCTS_DIR)/Week2-1.app/$(BUNDLE_EXECUTABLE_FOLDER_PATH)/Week2-1";
			};
			name = Debug;
		};
		E9CDC8D22A81084F00D33530 /* Release */ = {
			isa = XCBuildConfiguration;
			buildSettings = {
				ALWAYS_EMBED_SWIFT_STANDARD_LIBRARIES = YES;
				BUNDLE_LOADER = "$(TEST_HOST)";
				CODE_SIGN_STYLE = Automatic;
				CURRENT_PROJECT_VERSION = 1;
				DEVELOPMENT_TEAM = 4U3LY873Q2;
				GENERATE_INFOPLIST_FILE = YES;
				IPHONEOS_DEPLOYMENT_TARGET = 16.4;
				MARKETING_VERSION = 1.0;
				PRODUCT_BUNDLE_IDENTIFIER = "jeehge.app.study.Week2-1Tests";
				PRODUCT_NAME = "$(TARGET_NAME)";
				SWIFT_EMIT_LOC_STRINGS = NO;
				SWIFT_VERSION = 5.0;
				TARGETED_DEVICE_FAMILY = "1,2";
				TEST_HOST = "$(BUILT_PRODUCTS_DIR)/Week2-1.app/$(BUNDLE_EXECUTABLE_FOLDER_PATH)/Week2-1";
			};
			name = Release;
		};
		E9CDC8D42A81084F00D33530 /* Debug */ = {
			isa = XCBuildConfiguration;
			buildSettings = {
				ALWAYS_EMBED_SWIFT_STANDARD_LIBRARIES = YES;
				CODE_SIGN_STYLE = Automatic;
				CURRENT_PROJECT_VERSION = 1;
				DEVELOPMENT_TEAM = 4U3LY873Q2;
				GENERATE_INFOPLIST_FILE = YES;
				MARKETING_VERSION = 1.0;
				PRODUCT_BUNDLE_IDENTIFIER = "jeehge.app.study.Week2-1UITests";
				PRODUCT_NAME = "$(TARGET_NAME)";
				SWIFT_EMIT_LOC_STRINGS = NO;
				SWIFT_VERSION = 5.0;
				TARGETED_DEVICE_FAMILY = "1,2";
				TEST_TARGET_NAME = "Week2-1";
			};
			name = Debug;
		};
		E9CDC8D52A81084F00D33530 /* Release */ = {
			isa = XCBuildConfiguration;
			buildSettings = {
				ALWAYS_EMBED_SWIFT_STANDARD_LIBRARIES = YES;
				CODE_SIGN_STYLE = Automatic;
				CURRENT_PROJECT_VERSION = 1;
				DEVELOPMENT_TEAM = 4U3LY873Q2;
				GENERATE_INFOPLIST_FILE = YES;
				MARKETING_VERSION = 1.0;
				PRODUCT_BUNDLE_IDENTIFIER = "jeehge.app.study.Week2-1UITests";
				PRODUCT_NAME = "$(TARGET_NAME)";
				SWIFT_EMIT_LOC_STRINGS = NO;
				SWIFT_VERSION = 5.0;
				TARGETED_DEVICE_FAMILY = "1,2";
				TEST_TARGET_NAME = "Week2-1";
			};
			name = Release;
		};
/* End XCBuildConfiguration section */

/* Begin XCConfigurationList section */
		E9CDC8A42A81084E00D33530 /* Build configuration list for PBXProject "Week2-1" */ = {
			isa = XCConfigurationList;
			buildConfigurations = (
				E9CDC8CB2A81084F00D33530 /* Debug */,
				E9CDC8CC2A81084F00D33530 /* Release */,
			);
			defaultConfigurationIsVisible = 0;
			defaultConfigurationName = Release;
		};
		E9CDC8CD2A81084F00D33530 /* Build configuration list for PBXNativeTarget "Week2-1" */ = {
			isa = XCConfigurationList;
			buildConfigurations = (
				E9CDC8CE2A81084F00D33530 /* Debug */,
				E9CDC8CF2A81084F00D33530 /* Release */,
			);
			defaultConfigurationIsVisible = 0;
			defaultConfigurationName = Release;
		};
		E9CDC8D02A81084F00D33530 /* Build configuration list for PBXNativeTarget "Week2-1Tests" */ = {
			isa = XCConfigurationList;
			buildConfigurations = (
				E9CDC8D12A81084F00D33530 /* Debug */,
				E9CDC8D22A81084F00D33530 /* Release */,
			);
			defaultConfigurationIsVisible = 0;
			defaultConfigurationName = Release;
		};
		E9CDC8D32A81084F00D33530 /* Build configuration list for PBXNativeTarget "Week2-1UITests" */ = {
			isa = XCConfigurationList;
			buildConfigurations = (
				E9CDC8D42A81084F00D33530 /* Debug */,
				E9CDC8D52A81084F00D33530 /* Release */,
			);
			defaultConfigurationIsVisible = 0;
			defaultConfigurationName = Release;
		};
/* End XCConfigurationList section */
	};
	rootObject = E9CDC8A12A81084E00D33530 /* Project object */;
}
